// !$*UTF8*$!
{
	archiveVersion = 1;
	classes = {
	};
	objectVersion = 46;
	objects = {

/* Begin PBXBuildFile section */
		F42D0B271FD527240090BD3A /* GSLayer+SCLayerUtils.m in Sources */ = {isa = PBXBuildFile; fileRef = F42D0B261FD527240090BD3A /* GSLayer+SCLayerUtils.m */; };
		F42D0B2D1FD527E80090BD3A /* SuperTool+Coverage.m in Sources */ = {isa = PBXBuildFile; fileRef = F42D0B2C1FD527E80090BD3A /* SuperTool+Coverage.m */; };
		F4411BCD1EB86C7B00F4D64B /* SuperTool+Callipers.m in Sources */ = {isa = PBXBuildFile; fileRef = F4411BCC1EB86C7B00F4D64B /* SuperTool+Callipers.m */; };
		F479451E1CF699C600EB214B /* SuperTool+Simplify.m in Sources */ = {isa = PBXBuildFile; fileRef = F479451D1CF699C600EB214B /* SuperTool+Simplify.m */; };
		F49910682463F08D00E305DE /* GlyphsCore.framework in Frameworks */ = {isa = PBXBuildFile; fileRef = F49910672463F08D00E305DE /* GlyphsCore.framework */; };
		F49A86CA1CF055C800B14CC2 /* SuperTool+TunniEditing.m in Sources */ = {isa = PBXBuildFile; fileRef = F49A86C91CF055C800B14CC2 /* SuperTool+TunniEditing.m */; };
		F49A86CD1CF0899000B14CC2 /* SuperTool+Curvature.m in Sources */ = {isa = PBXBuildFile; fileRef = F49A86CC1CF0899000B14CC2 /* SuperTool+Curvature.m */; };
		F49A86D01CF08B8500B14CC2 /* SuperTool+Harmonize.m in Sources */ = {isa = PBXBuildFile; fileRef = F49A86CF1CF08B8500B14CC2 /* SuperTool+Harmonize.m */; };
		F4B03C921CC88E7100564F32 /* Cocoa.framework in Frameworks */ = {isa = PBXBuildFile; fileRef = F4B03C911CC88E7100564F32 /* Cocoa.framework */; };
		F4B03C951CC88E7100564F32 /* SuperTool-Prefix.pch in Resources */ = {isa = PBXBuildFile; fileRef = F4B03C941CC88E7100564F32 /* SuperTool-Prefix.pch */; };
		F4B03C9A1CC88E7100564F32 /* SuperTool.m in Sources */ = {isa = PBXBuildFile; fileRef = F4B03C991CC88E7100564F32 /* SuperTool.m */; };
		F4B03C9D1CC88E7100564F32 /* ToolbarIconTemplate.pdf in Resources */ = {isa = PBXBuildFile; fileRef = F4B03C9C1CC88E7100564F32 /* ToolbarIconTemplate.pdf */; };
		F4C6A2261E98B28C008A62B7 /* GSNode+SCNodeUtils.m in Sources */ = {isa = PBXBuildFile; fileRef = F4C6A21F1E98B28C008A62B7 /* GSNode+SCNodeUtils.m */; };
		F4C6A2271E98B28C008A62B7 /* GSPath+SCPathUtils.m in Sources */ = {isa = PBXBuildFile; fileRef = F4C6A2211E98B28C008A62B7 /* GSPath+SCPathUtils.m */; };
		F4C6A2281E98B28C008A62B7 /* SCCurveFitter+Tangents.m in Sources */ = {isa = PBXBuildFile; fileRef = F4C6A2231E98B28C008A62B7 /* SCCurveFitter+Tangents.m */; };
		F4C6A2291E98B28C008A62B7 /* SCCurveFitter.m in Sources */ = {isa = PBXBuildFile; fileRef = F4C6A2251E98B28C008A62B7 /* SCCurveFitter.m */; };
		F4CA636D1CE04B4A002EA26E /* SCPathTime.m in Sources */ = {isa = PBXBuildFile; fileRef = F4CA636C1CE04B4A002EA26E /* SCPathTime.m */; };
		F4CA636F1CE04BA6002EA26E /* SimplifyInterface.xib in Resources */ = {isa = PBXBuildFile; fileRef = F4CA636E1CE04BA6002EA26E /* SimplifyInterface.xib */; };
/* End PBXBuildFile section */

/* Begin PBXCopyFilesBuildPhase section */
		F4EB4A931CCCF105002DBA8F /* CopyFiles */ = {
			isa = PBXCopyFilesBuildPhase;
			buildActionMask = 2147483647;
			dstPath = "";
			dstSubfolderSpec = 10;
			files = (
			);
			runOnlyForDeploymentPostprocessing = 0;
		};
/* End PBXCopyFilesBuildPhase section */

/* Begin PBXFileReference section */
		F42D0B241FD522820090BD3A /* GSLayer+SCLayerUtils.h */ = {isa = PBXFileReference; lastKnownFileType = sourcecode.c.h; path = "GSLayer+SCLayerUtils.h"; sourceTree = "<group>"; };
		F42D0B261FD527240090BD3A /* GSLayer+SCLayerUtils.m */ = {isa = PBXFileReference; lastKnownFileType = sourcecode.c.objc; path = "GSLayer+SCLayerUtils.m"; sourceTree = "<group>"; };
		F42D0B2B1FD527E80090BD3A /* SuperTool+Coverage.h */ = {isa = PBXFileReference; lastKnownFileType = sourcecode.c.h; path = "SuperTool+Coverage.h"; sourceTree = "<group>"; };
		F42D0B2C1FD527E80090BD3A /* SuperTool+Coverage.m */ = {isa = PBXFileReference; lastKnownFileType = sourcecode.c.objc; path = "SuperTool+Coverage.m"; sourceTree = "<group>"; };
		F4411BCB1EB86C7B00F4D64B /* SuperTool+Callipers.h */ = {isa = PBXFileReference; fileEncoding = 4; lastKnownFileType = sourcecode.c.h; path = "SuperTool+Callipers.h"; sourceTree = "<group>"; };
		F4411BCC1EB86C7B00F4D64B /* SuperTool+Callipers.m */ = {isa = PBXFileReference; fileEncoding = 4; lastKnownFileType = sourcecode.c.objc; path = "SuperTool+Callipers.m"; sourceTree = "<group>"; };
		F479451C1CF699C600EB214B /* SuperTool+Simplify.h */ = {isa = PBXFileReference; fileEncoding = 4; lastKnownFileType = sourcecode.c.h; path = "SuperTool+Simplify.h"; sourceTree = "<group>"; };
		F479451D1CF699C600EB214B /* SuperTool+Simplify.m */ = {isa = PBXFileReference; fileEncoding = 4; lastKnownFileType = sourcecode.c.objc; path = "SuperTool+Simplify.m"; sourceTree = "<group>"; };
		F49910672463F08D00E305DE /* GlyphsCore.framework */ = {isa = PBXFileReference; lastKnownFileType = wrapper.framework; name = GlyphsCore.framework; path = "/Applications/Glyphs 3.app/Contents/Frameworks/GlyphsCore.framework"; sourceTree = "<absolute>"; };
		F49A86C81CF055C800B14CC2 /* SuperTool+TunniEditing.h */ = {isa = PBXFileReference; fileEncoding = 4; lastKnownFileType = sourcecode.c.h; path = "SuperTool+TunniEditing.h"; sourceTree = "<group>"; };
		F49A86C91CF055C800B14CC2 /* SuperTool+TunniEditing.m */ = {isa = PBXFileReference; fileEncoding = 4; lastKnownFileType = sourcecode.c.objc; path = "SuperTool+TunniEditing.m"; sourceTree = "<group>"; };
		F49A86CB1CF0899000B14CC2 /* SuperTool+Curvature.h */ = {isa = PBXFileReference; fileEncoding = 4; lastKnownFileType = sourcecode.c.h; path = "SuperTool+Curvature.h"; sourceTree = "<group>"; };
		F49A86CC1CF0899000B14CC2 /* SuperTool+Curvature.m */ = {isa = PBXFileReference; fileEncoding = 4; lastKnownFileType = sourcecode.c.objc; path = "SuperTool+Curvature.m"; sourceTree = "<group>"; };
		F49A86CE1CF08B8500B14CC2 /* SuperTool+Harmonize.h */ = {isa = PBXFileReference; fileEncoding = 4; lastKnownFileType = sourcecode.c.h; path = "SuperTool+Harmonize.h"; sourceTree = "<group>"; };
		F49A86CF1CF08B8500B14CC2 /* SuperTool+Harmonize.m */ = {isa = PBXFileReference; fileEncoding = 4; lastKnownFileType = sourcecode.c.objc; path = "SuperTool+Harmonize.m"; sourceTree = "<group>"; };
		F4B03C8E1CC88E7100564F32 /* SuperTool.glyphsTool */ = {isa = PBXFileReference; explicitFileType = wrapper.cfbundle; includeInIndex = 0; path = SuperTool.glyphsTool; sourceTree = BUILT_PRODUCTS_DIR; };
		F4B03C911CC88E7100564F32 /* Cocoa.framework */ = {isa = PBXFileReference; lastKnownFileType = wrapper.framework; name = Cocoa.framework; path = /System/Library/Frameworks/Cocoa.framework; sourceTree = "<absolute>"; };
		F4B03C941CC88E7100564F32 /* SuperTool-Prefix.pch */ = {isa = PBXFileReference; lastKnownFileType = sourcecode.c.h; path = "SuperTool-Prefix.pch"; sourceTree = "<group>"; };
		F4B03C961CC88E7100564F32 /* SuperTool-Info.plist */ = {isa = PBXFileReference; lastKnownFileType = text.plist.xml; path = "SuperTool-Info.plist"; sourceTree = "<group>"; };
		F4B03C981CC88E7100564F32 /* SuperTool.h */ = {isa = PBXFileReference; lastKnownFileType = sourcecode.c.h; path = SuperTool.h; sourceTree = "<group>"; };
		F4B03C991CC88E7100564F32 /* SuperTool.m */ = {isa = PBXFileReference; lastKnownFileType = sourcecode.c.objc; path = SuperTool.m; sourceTree = "<group>"; };
		F4B03C9C1CC88E7100564F32 /* ToolbarIconTemplate.pdf */ = {isa = PBXFileReference; lastKnownFileType = image.pdf; path = ToolbarIconTemplate.pdf; sourceTree = "<group>"; };
		F4B03C9E1CC88E7100564F32 /* GlyphsCore.framework */ = {isa = PBXFileReference; lastKnownFileType = wrapper.framework; name = GlyphsCore.framework; path = /Applications/Glyphs.app/Contents/Frameworks/GlyphsCore.framework; sourceTree = "<absolute>"; };
		F4B03CA01CC88E7100564F32 /* Info.plist */ = {isa = PBXFileReference; lastKnownFileType = text.plist.xml; path = Info.plist; sourceTree = "<group>"; };
		F4C6A21E1E98B28C008A62B7 /* GSNode+SCNodeUtils.h */ = {isa = PBXFileReference; fileEncoding = 4; lastKnownFileType = sourcecode.c.h; path = "GSNode+SCNodeUtils.h"; sourceTree = "<group>"; };
		F4C6A21F1E98B28C008A62B7 /* GSNode+SCNodeUtils.m */ = {isa = PBXFileReference; fileEncoding = 4; lastKnownFileType = sourcecode.c.objc; path = "GSNode+SCNodeUtils.m"; sourceTree = "<group>"; };
		F4C6A2201E98B28C008A62B7 /* GSPath+SCPathUtils.h */ = {isa = PBXFileReference; fileEncoding = 4; lastKnownFileType = sourcecode.c.h; path = "GSPath+SCPathUtils.h"; sourceTree = "<group>"; };
		F4C6A2211E98B28C008A62B7 /* GSPath+SCPathUtils.m */ = {isa = PBXFileReference; fileEncoding = 4; lastKnownFileType = sourcecode.c.objc; path = "GSPath+SCPathUtils.m"; sourceTree = "<group>"; };
		F4C6A2221E98B28C008A62B7 /* SCCurveFitter+Tangents.h */ = {isa = PBXFileReference; fileEncoding = 4; lastKnownFileType = sourcecode.c.h; path = "SCCurveFitter+Tangents.h"; sourceTree = "<group>"; };
		F4C6A2231E98B28C008A62B7 /* SCCurveFitter+Tangents.m */ = {isa = PBXFileReference; fileEncoding = 4; lastKnownFileType = sourcecode.c.objc; path = "SCCurveFitter+Tangents.m"; sourceTree = "<group>"; };
		F4C6A2241E98B28C008A62B7 /* SCCurveFitter.h */ = {isa = PBXFileReference; fileEncoding = 4; lastKnownFileType = sourcecode.c.h; path = SCCurveFitter.h; sourceTree = "<group>"; };
		F4C6A2251E98B28C008A62B7 /* SCCurveFitter.m */ = {isa = PBXFileReference; fileEncoding = 4; lastKnownFileType = sourcecode.c.objc; path = SCCurveFitter.m; sourceTree = "<group>"; };
		F4CA636B1CE04B4A002EA26E /* SCPathTime.h */ = {isa = PBXFileReference; fileEncoding = 4; lastKnownFileType = sourcecode.c.h; name = SCPathTime.h; path = ../SCPathTime.h; sourceTree = "<group>"; };
		F4CA636C1CE04B4A002EA26E /* SCPathTime.m */ = {isa = PBXFileReference; fileEncoding = 4; lastKnownFileType = sourcecode.c.objc; name = SCPathTime.m; path = ../SCPathTime.m; sourceTree = "<group>"; };
		F4CA636E1CE04BA6002EA26E /* SimplifyInterface.xib */ = {isa = PBXFileReference; fileEncoding = 4; lastKnownFileType = file.xib; path = SimplifyInterface.xib; sourceTree = "<group>"; };
/* End PBXFileReference section */

/* Begin PBXFrameworksBuildPhase section */
		F4B03C8B1CC88E7100564F32 /* Frameworks */ = {
			isa = PBXFrameworksBuildPhase;
			buildActionMask = 2147483647;
			files = (
				F49910682463F08D00E305DE /* GlyphsCore.framework in Frameworks */,
				F4B03C921CC88E7100564F32 /* Cocoa.framework in Frameworks */,
			);
			runOnlyForDeploymentPostprocessing = 0;
		};
/* End PBXFrameworksBuildPhase section */

/* Begin PBXGroup section */
		F4B03C851CC88E7100564F32 = {
			isa = PBXGroup;
			children = (
				F4B03C931CC88E7100564F32 /* SuperTool */,
				F4B03C901CC88E7100564F32 /* Frameworks */,
				F4B03C8F1CC88E7100564F32 /* Products */,
			);
			sourceTree = "<group>";
			usesTabs = 0;
		};
		F4B03C8F1CC88E7100564F32 /* Products */ = {
			isa = PBXGroup;
			children = (
				F4B03C8E1CC88E7100564F32 /* SuperTool.glyphsTool */,
			);
			name = Products;
			sourceTree = "<group>";
		};
		F4B03C901CC88E7100564F32 /* Frameworks */ = {
			isa = PBXGroup;
			children = (
				F49910672463F08D00E305DE /* GlyphsCore.framework */,
				F4B03C911CC88E7100564F32 /* Cocoa.framework */,
			);
			name = Frameworks;
			sourceTree = "<group>";
		};
		F4B03C931CC88E7100564F32 /* SuperTool */ = {
			isa = PBXGroup;
			children = (
				F4C6A21D1E98B28C008A62B7 /* SCGlyphsLib */,
				F4B03C941CC88E7100564F32 /* SuperTool-Prefix.pch */,
				F4B03C961CC88E7100564F32 /* SuperTool-Info.plist */,
				F4B03C981CC88E7100564F32 /* SuperTool.h */,
				F4B03C991CC88E7100564F32 /* SuperTool.m */,
				F4411BCB1EB86C7B00F4D64B /* SuperTool+Callipers.h */,
				F4411BCC1EB86C7B00F4D64B /* SuperTool+Callipers.m */,
				F42D0B2B1FD527E80090BD3A /* SuperTool+Coverage.h */,
				F42D0B2C1FD527E80090BD3A /* SuperTool+Coverage.m */,
				F479451C1CF699C600EB214B /* SuperTool+Simplify.h */,
				F479451D1CF699C600EB214B /* SuperTool+Simplify.m */,
				F49A86CE1CF08B8500B14CC2 /* SuperTool+Harmonize.h */,
				F49A86CF1CF08B8500B14CC2 /* SuperTool+Harmonize.m */,
				F49A86CB1CF0899000B14CC2 /* SuperTool+Curvature.h */,
				F49A86CC1CF0899000B14CC2 /* SuperTool+Curvature.m */,
				F49A86C81CF055C800B14CC2 /* SuperTool+TunniEditing.h */,
				F49A86C91CF055C800B14CC2 /* SuperTool+TunniEditing.m */,
				F4B03CA01CC88E7100564F32 /* Info.plist */,
				F4B03C9B1CC88E7100564F32 /* Supporting Files */,
				F4CA636E1CE04BA6002EA26E /* SimplifyInterface.xib */,
			);
			path = SuperTool;
			sourceTree = "<group>";
		};
		F4B03C9B1CC88E7100564F32 /* Supporting Files */ = {
			isa = PBXGroup;
			children = (
				F4B03C9C1CC88E7100564F32 /* ToolbarIconTemplate.pdf */,
				F4B03C9E1CC88E7100564F32 /* GlyphsCore.framework */,
			);
			name = "Supporting Files";
			sourceTree = "<group>";
		};
		F4C6A21D1E98B28C008A62B7 /* SCGlyphsLib */ = {
			isa = PBXGroup;
			children = (
				F4C6A21E1E98B28C008A62B7 /* GSNode+SCNodeUtils.h */,
				F4C6A21F1E98B28C008A62B7 /* GSNode+SCNodeUtils.m */,
				F4C6A2201E98B28C008A62B7 /* GSPath+SCPathUtils.h */,
				F4C6A2211E98B28C008A62B7 /* GSPath+SCPathUtils.m */,
				F4C6A2221E98B28C008A62B7 /* SCCurveFitter+Tangents.h */,
				F4C6A2231E98B28C008A62B7 /* SCCurveFitter+Tangents.m */,
				F4C6A2241E98B28C008A62B7 /* SCCurveFitter.h */,
				F4C6A2251E98B28C008A62B7 /* SCCurveFitter.m */,
				F4CA636B1CE04B4A002EA26E /* SCPathTime.h */,
				F4CA636C1CE04B4A002EA26E /* SCPathTime.m */,
				F42D0B241FD522820090BD3A /* GSLayer+SCLayerUtils.h */,
				F42D0B261FD527240090BD3A /* GSLayer+SCLayerUtils.m */,
			);
			path = SCGlyphsLib;
			sourceTree = "<group>";
		};
/* End PBXGroup section */

/* Begin PBXNativeTarget section */
		F4B03C8D1CC88E7100564F32 /* SuperTool */ = {
			isa = PBXNativeTarget;
			buildConfigurationList = F4B03CA31CC88E7100564F32 /* Build configuration list for PBXNativeTarget "SuperTool" */;
			buildPhases = (
				F4B03C8A1CC88E7100564F32 /* Sources */,
				F4B03C8C1CC88E7100564F32 /* Resources */,
				F4EB4A931CCCF105002DBA8F /* CopyFiles */,
				F4B03C8B1CC88E7100564F32 /* Frameworks */,
			);
			buildRules = (
			);
			dependencies = (
			);
			name = SuperTool;
			productName = SuperTool;
			productReference = F4B03C8E1CC88E7100564F32 /* SuperTool.glyphsTool */;
			productType = "com.apple.product-type.bundle";
		};
/* End PBXNativeTarget section */

/* Begin PBXProject section */
		F4B03C861CC88E7100564F32 /* Project object */ = {
			isa = PBXProject;
			attributes = {
				LastUpgradeCheck = 1010;
				ORGANIZATIONNAME = "Simon Cozens";
				TargetAttributes = {
					F4B03C8D1CC88E7100564F32 = {
						CreatedOnToolsVersion = 7.2;
						DevelopmentTeam = GHYRZM4TBD;
						ProvisioningStyle = Automatic;
					};
				};
			};
			buildConfigurationList = F4B03C891CC88E7100564F32 /* Build configuration list for PBXProject "SuperTool" */;
			compatibilityVersion = "Xcode 3.2";
			developmentRegion = en;
			hasScannedForEncodings = 0;
			knownRegions = (
				en,
			);
			mainGroup = F4B03C851CC88E7100564F32;
			productRefGroup = F4B03C8F1CC88E7100564F32 /* Products */;
			projectDirPath = "";
			projectRoot = "";
			targets = (
				F4B03C8D1CC88E7100564F32 /* SuperTool */,
			);
		};
/* End PBXProject section */

/* Begin PBXResourcesBuildPhase section */
		F4B03C8C1CC88E7100564F32 /* Resources */ = {
			isa = PBXResourcesBuildPhase;
			buildActionMask = 2147483647;
			files = (
				F4CA636F1CE04BA6002EA26E /* SimplifyInterface.xib in Resources */,
				F4B03C9D1CC88E7100564F32 /* ToolbarIconTemplate.pdf in Resources */,
				F4B03C951CC88E7100564F32 /* SuperTool-Prefix.pch in Resources */,
			);
			runOnlyForDeploymentPostprocessing = 0;
		};
/* End PBXResourcesBuildPhase section */

/* Begin PBXSourcesBuildPhase section */
		F4B03C8A1CC88E7100564F32 /* Sources */ = {
			isa = PBXSourcesBuildPhase;
			buildActionMask = 2147483647;
			files = (
				F4B03C9A1CC88E7100564F32 /* SuperTool.m in Sources */,
				F49A86CD1CF0899000B14CC2 /* SuperTool+Curvature.m in Sources */,
				F49A86CA1CF055C800B14CC2 /* SuperTool+TunniEditing.m in Sources */,
				F4411BCD1EB86C7B00F4D64B /* SuperTool+Callipers.m in Sources */,
				F4C6A2291E98B28C008A62B7 /* SCCurveFitter.m in Sources */,
				F49A86D01CF08B8500B14CC2 /* SuperTool+Harmonize.m in Sources */,
				F479451E1CF699C600EB214B /* SuperTool+Simplify.m in Sources */,
				F4C6A2261E98B28C008A62B7 /* GSNode+SCNodeUtils.m in Sources */,
				F4C6A2271E98B28C008A62B7 /* GSPath+SCPathUtils.m in Sources */,
				F4C6A2281E98B28C008A62B7 /* SCCurveFitter+Tangents.m in Sources */,
				F4CA636D1CE04B4A002EA26E /* SCPathTime.m in Sources */,
				F42D0B271FD527240090BD3A /* GSLayer+SCLayerUtils.m in Sources */,
				F42D0B2D1FD527E80090BD3A /* SuperTool+Coverage.m in Sources */,
			);
			runOnlyForDeploymentPostprocessing = 0;
		};
/* End PBXSourcesBuildPhase section */

/* Begin XCBuildConfiguration section */
		F4B03CA11CC88E7100564F32 /* Debug */ = {
			isa = XCBuildConfiguration;
			buildSettings = {
				ALWAYS_SEARCH_USER_PATHS = NO;
				CLANG_CXX_LANGUAGE_STANDARD = "gnu++0x";
				CLANG_CXX_LIBRARY = "libc++";
				CLANG_ENABLE_MODULES = YES;
				CLANG_ENABLE_OBJC_ARC = YES;
				CLANG_WARN_BLOCK_CAPTURE_AUTORELEASING = YES;
				CLANG_WARN_BOOL_CONVERSION = YES;
				CLANG_WARN_COMMA = YES;
				CLANG_WARN_CONSTANT_CONVERSION = YES;
				CLANG_WARN_DEPRECATED_OBJC_IMPLEMENTATIONS = YES;
				CLANG_WARN_DIRECT_OBJC_ISA_USAGE = YES_ERROR;
				CLANG_WARN_EMPTY_BODY = YES;
				CLANG_WARN_ENUM_CONVERSION = YES;
				CLANG_WARN_INFINITE_RECURSION = YES;
				CLANG_WARN_INT_CONVERSION = YES;
				CLANG_WARN_NON_LITERAL_NULL_CONVERSION = YES;
				CLANG_WARN_OBJC_IMPLICIT_RETAIN_SELF = YES;
				CLANG_WARN_OBJC_LITERAL_CONVERSION = YES;
				CLANG_WARN_OBJC_ROOT_CLASS = YES_ERROR;
				CLANG_WARN_RANGE_LOOP_ANALYSIS = YES;
				CLANG_WARN_STRICT_PROTOTYPES = YES;
				CLANG_WARN_SUSPICIOUS_MOVE = YES;
				CLANG_WARN_UNREACHABLE_CODE = YES;
				CLANG_WARN__DUPLICATE_METHOD_MATCH = YES;
				COPY_PHASE_STRIP = NO;
				DEBUG_INFORMATION_FORMAT = dwarf;
				ENABLE_STRICT_OBJC_MSGSEND = YES;
				ENABLE_TESTABILITY = YES;
				GCC_C_LANGUAGE_STANDARD = gnu99;
				GCC_DYNAMIC_NO_PIC = NO;
				GCC_NO_COMMON_BLOCKS = YES;
				GCC_OPTIMIZATION_LEVEL = 0;
				GCC_PREPROCESSOR_DEFINITIONS = (
					"DEBUG=1",
					"$(inherited)",
				);
				GCC_WARN_64_TO_32_BIT_CONVERSION = YES;
				GCC_WARN_ABOUT_RETURN_TYPE = YES_ERROR;
				GCC_WARN_UNDECLARED_SELECTOR = YES;
				GCC_WARN_UNINITIALIZED_AUTOS = YES_AGGRESSIVE;
				GCC_WARN_UNUSED_FUNCTION = YES;
				GCC_WARN_UNUSED_VARIABLE = YES;
				MACOSX_DEPLOYMENT_TARGET = 10.10;
				MTL_ENABLE_DEBUG_INFO = YES;
				ONLY_ACTIVE_ARCH = YES;
				WARNING_CFLAGS = "-Wno-nullability-completeness";
			};
			name = Debug;
		};
		F4B03CA21CC88E7100564F32 /* Release */ = {
			isa = XCBuildConfiguration;
			buildSettings = {
				ALWAYS_SEARCH_USER_PATHS = NO;
				CLANG_CXX_LANGUAGE_STANDARD = "gnu++0x";
				CLANG_CXX_LIBRARY = "libc++";
				CLANG_ENABLE_MODULES = YES;
				CLANG_ENABLE_OBJC_ARC = YES;
				CLANG_WARN_BLOCK_CAPTURE_AUTORELEASING = YES;
				CLANG_WARN_BOOL_CONVERSION = YES;
				CLANG_WARN_COMMA = YES;
				CLANG_WARN_CONSTANT_CONVERSION = YES;
				CLANG_WARN_DEPRECATED_OBJC_IMPLEMENTATIONS = YES;
				CLANG_WARN_DIRECT_OBJC_ISA_USAGE = YES_ERROR;
				CLANG_WARN_EMPTY_BODY = YES;
				CLANG_WARN_ENUM_CONVERSION = YES;
				CLANG_WARN_INFINITE_RECURSION = YES;
				CLANG_WARN_INT_CONVERSION = YES;
				CLANG_WARN_NON_LITERAL_NULL_CONVERSION = YES;
				CLANG_WARN_OBJC_IMPLICIT_RETAIN_SELF = YES;
				CLANG_WARN_OBJC_LITERAL_CONVERSION = YES;
				CLANG_WARN_OBJC_ROOT_CLASS = YES_ERROR;
				CLANG_WARN_RANGE_LOOP_ANALYSIS = YES;
				CLANG_WARN_STRICT_PROTOTYPES = YES;
				CLANG_WARN_SUSPICIOUS_MOVE = YES;
				CLANG_WARN_UNREACHABLE_CODE = YES;
				CLANG_WARN__DUPLICATE_METHOD_MATCH = YES;
				COPY_PHASE_STRIP = NO;
				DEBUG_INFORMATION_FORMAT = "dwarf-with-dsym";
				ENABLE_NS_ASSERTIONS = NO;
				ENABLE_STRICT_OBJC_MSGSEND = YES;
				GCC_C_LANGUAGE_STANDARD = gnu99;
				GCC_NO_COMMON_BLOCKS = YES;
				GCC_WARN_64_TO_32_BIT_CONVERSION = YES;
				GCC_WARN_ABOUT_RETURN_TYPE = YES_ERROR;
				GCC_WARN_UNDECLARED_SELECTOR = YES;
				GCC_WARN_UNINITIALIZED_AUTOS = YES_AGGRESSIVE;
				GCC_WARN_UNUSED_FUNCTION = YES;
				GCC_WARN_UNUSED_VARIABLE = YES;
				MACOSX_DEPLOYMENT_TARGET = 10.10;
				MTL_ENABLE_DEBUG_INFO = NO;
				WARNING_CFLAGS = "-Wno-nullability-completeness";
			};
			name = Release;
		};
		F4B03CA41CC88E7100564F32 /* Debug */ = {
			isa = XCBuildConfiguration;
			buildSettings = {
				CODE_SIGN_IDENTITY = "Apple Development";
				CODE_SIGN_STYLE = Automatic;
				COMBINE_HIDPI_IMAGES = YES;
				CONFIGURATION_BUILD_DIR = "$(USER_LIBRARY_DIR)/Application Support/Glyphs/Plugins/";
				DEPLOYMENT_LOCATION = YES;
				DEVELOPMENT_TEAM = GHYRZM4TBD;
				DSTROOT = "$(USER_LIBRARY_DIR)/Application Support/Glyphs 3/Plugins";
				FRAMEWORK_SEARCH_PATHS = (
					"\"$(SYSTEM_APPS_DIR)/Glyphs 3.app/Contents/Frameworks\"",
					"$(PROJECT_DIR)/SuperTool/",
				);
				GCC_PREFIX_HEADER = "SuperTool/SuperTool-Prefix.pch";
				INFOPLIST_FILE = SuperTool/Info.plist;
				INSTALL_PATH = /;
				LD_RUNPATH_SEARCH_PATHS = "@loader_path/../Frameworks/";
				PRODUCT_BUNDLE_IDENTIFIER = "org.simon-cozens.SuperTool";
				PRODUCT_NAME = "$(TARGET_NAME)";
				PROVISIONING_PROFILE_SPECIFIER = "";
				WRAPPER_EXTENSION = glyphsTool;
			};
			name = Debug;
		};
		F4B03CA51CC88E7100564F32 /* Release */ = {
			isa = XCBuildConfiguration;
			buildSettings = {
				CODE_SIGN_IDENTITY = "Apple Development";
				CODE_SIGN_STYLE = Automatic;
				COMBINE_HIDPI_IMAGES = YES;
				DEVELOPMENT_TEAM = GHYRZM4TBD;
				FRAMEWORK_SEARCH_PATHS = (
					"\"$(SYSTEM_APPS_DIR)/Glyphs 3.app/Contents/Frameworks\"",
					"$(PROJECT_DIR)/SuperTool/",
				);
				GCC_PREFIX_HEADER = "SuperTool/SuperTool-Prefix.pch";
				INFOPLIST_FILE = SuperTool/Info.plist;
				INSTALL_PATH = /;
				LD_RUNPATH_SEARCH_PATHS = "@loader_path/../Frameworks/";
				PRODUCT_BUNDLE_IDENTIFIER = "org.simon-cozens.SuperTool";
				PRODUCT_NAME = "$(TARGET_NAME)";
				PROVISIONING_PROFILE_SPECIFIER = "";
				WRAPPER_EXTENSION = glyphsTool;
			};
			name = Release;
		};
/* End XCBuildConfiguration section */

/* Begin XCConfigurationList section */
		F4B03C891CC88E7100564F32 /* Build configuration list for PBXProject "SuperTool" */ = {
			isa = XCConfigurationList;
			buildConfigurations = (
				F4B03CA11CC88E7100564F32 /* Debug */,
				F4B03CA21CC88E7100564F32 /* Release */,
			);
			defaultConfigurationIsVisible = 0;
			defaultConfigurationName = Release;
		};
		F4B03CA31CC88E7100564F32 /* Build configuration list for PBXNativeTarget "SuperTool" */ = {
			isa = XCConfigurationList;
			buildConfigurations = (
				F4B03CA41CC88E7100564F32 /* Debug */,
				F4B03CA51CC88E7100564F32 /* Release */,
			);
			defaultConfigurationIsVisible = 0;
			defaultConfigurationName = Release;
		};
/* End XCConfigurationList section */
	};
	rootObject = F4B03C861CC88E7100564F32 /* Project object */;
}
